
Microsoft Visual Studio Solution File, Format Version 12.00
# Visual Studio 2012
Project("{FAE04EC0-301F-11D3-BF4B-00C04F79EFBC}") = "Anime-netcore", "Anime-netcore\Anime-netcore.csproj", "{D340E74F-ACD8-4825-BBDC-B4E1F285B8FB}"
EndProject
Global
	GlobalSection(SolutionConfigurationPlatforms) = preSolution
		Debug|Any CPU = Debug|Any CPU
		Release|Any CPU = Release|Any CPU
	EndGlobalSection
	GlobalSection(ProjectConfigurationPlatforms) = postSolution
		{D340E74F-ACD8-4825-BBDC-B4E1F285B8FB}.Debug|Any CPU.ActiveCfg = Debug|Any CPU
		{D340E74F-ACD8-4825-BBDC-B4E1F285B8FB}.Debug|Any CPU.Build.0 = Debug|Any CPU
		{D340E74F-ACD8-4825-BBDC-B4E1F285B8FB}.Release|Any CPU.ActiveCfg = Release|Any CPU
		{D340E74F-ACD8-4825-BBDC-B4E1F285B8FB}.Release|Any CPU.Build.0 = Release|Any CPU
	EndGlobalSection
EndGlobal
